
Microsoft Visual Studio Solution File, Format Version 12.00
# Visual Studio Version 16
VisualStudioVersion = 16.0.29020.237
MinimumVisualStudioVersion = 10.0.40219.1
Project("{FAE04EC0-301F-11D3-BF4B-00C04F79EFBC}") = "JsonVsDto", "JsonVsDto\JsonVsDto.csproj", "{D346DFB5-CC42-4B18-BCA2-3FEA6E483938}"
EndProject
Global
	GlobalSection(SolutionConfigurationPlatforms) = preSolution
		Debug|Any CPU = Debug|Any CPU
		Release|Any CPU = Release|Any CPU
	EndGlobalSection
	GlobalSection(ProjectConfigurationPlatforms) = postSolution
		{D346DFB5-CC42-4B18-BCA2-3FEA6E483938}.Debug|Any CPU.ActiveCfg = Debug|Any CPU
		{D346DFB5-CC42-4B18-BCA2-3FEA6E483938}.Debug|Any CPU.Build.0 = Debug|Any CPU
		{D346DFB5-CC42-4B18-BCA2-3FEA6E483938}.Release|Any CPU.ActiveCfg = Release|Any CPU
		{D346DFB5-CC42-4B18-BCA2-3FEA6E483938}.Release|Any CPU.Build.0 = Release|Any CPU
	EndGlobalSection
	GlobalSection(SolutionProperties) = preSolution
		HideSolutionNode = FALSE
	EndGlobalSection
	GlobalSection(ExtensibilityGlobals) = postSolution
		SolutionGuid = {1E3AD1D5-E401-4828-96FC-96581A70ACC0}
	EndGlobalSection
EndGlobal
